
Microsoft Visual Studio Solution File, Format Version 12.00
# Visual Studio Version 16
VisualStudioVersion = 16.0.809.10
MinimumVisualStudioVersion = 10.0.40219.1
Project("{FAE04EC0-301F-11D3-BF4B-00C04F79EFBC}") = "TestDatagenerator_harjoitus_1", "TestDatagenerator_harjoitus_1\TestDatagenerator_harjoitus_1.csproj", "{DA551392-6471-48A4-A045-18CC1845605B}"
EndProject
Project("{FAE04EC0-301F-11D3-BF4B-00C04F79EFBC}") = "TestDataGeneratorLIbrary", "TestDataGeneratorLIbrary\TestDataGeneratorLIbrary.csproj", "{2AEBE770-B57C-43EE-ACCA-D2D6425F8DD0}"
EndProject
Global
	GlobalSection(SolutionConfigurationPlatforms) = preSolution
		Debug|Any CPU = Debug|Any CPU
		Release|Any CPU = Release|Any CPU
	EndGlobalSection
	GlobalSection(ProjectConfigurationPlatforms) = postSolution
		{DA551392-6471-48A4-A045-18CC1845605B}.Debug|Any CPU.ActiveCfg = Debug|Any CPU
		{DA551392-6471-48A4-A045-18CC1845605B}.Debug|Any CPU.Build.0 = Debug|Any CPU
		{DA551392-6471-48A4-A045-18CC1845605B}.Release|Any CPU.ActiveCfg = Release|Any CPU
		{DA551392-6471-48A4-A045-18CC1845605B}.Release|Any CPU.Build.0 = Release|Any CPU
		{2AEBE770-B57C-43EE-ACCA-D2D6425F8DD0}.Debug|Any CPU.ActiveCfg = Debug|Any CPU
		{2AEBE770-B57C-43EE-ACCA-D2D6425F8DD0}.Debug|Any CPU.Build.0 = Debug|Any CPU
		{2AEBE770-B57C-43EE-ACCA-D2D6425F8DD0}.Release|Any CPU.ActiveCfg = Release|Any CPU
		{2AEBE770-B57C-43EE-ACCA-D2D6425F8DD0}.Release|Any CPU.Build.0 = Release|Any CPU
	EndGlobalSection
	GlobalSection(SolutionProperties) = preSolution
		HideSolutionNode = FALSE
	EndGlobalSection
	GlobalSection(ExtensibilityGlobals) = postSolution
		SolutionGuid = {B2E75A65-8FB9-4CB8-ACB4-623946093D91}
	EndGlobalSection
EndGlobal
